
Microsoft Visual Studio Solution File, Format Version 12.00
# Visual Studio Version 17
VisualStudioVersion = 17.2.32516.85
MinimumVisualStudioVersion = 10.0.40219.1
Project("{FAE04EC0-301F-11D3-BF4B-00C04F79EFBC}") = "WinFormsApp20", "WinFormsApp20\WinFormsApp20.csproj", "{3EF4C3DE-7F56-49BF-BE7D-766B25BE9F58}"
EndProject
Global
	GlobalSection(SolutionConfigurationPlatforms) = preSolution
		Debug|Any CPU = Debug|Any CPU
		Release|Any CPU = Release|Any CPU
	EndGlobalSection
	GlobalSection(ProjectConfigurationPlatforms) = postSolution
		{3EF4C3DE-7F56-49BF-BE7D-766B25BE9F58}.Debug|Any CPU.ActiveCfg = Debug|Any CPU
		{3EF4C3DE-7F56-49BF-BE7D-766B25BE9F58}.Debug|Any CPU.Build.0 = Debug|Any CPU
		{3EF4C3DE-7F56-49BF-BE7D-766B25BE9F58}.Release|Any CPU.ActiveCfg = Release|Any CPU
		{3EF4C3DE-7F56-49BF-BE7D-766B25BE9F58}.Release|Any CPU.Build.0 = Release|Any CPU
	EndGlobalSection
	GlobalSection(SolutionProperties) = preSolution
		HideSolutionNode = FALSE
	EndGlobalSection
	GlobalSection(ExtensibilityGlobals) = postSolution
		SolutionGuid = {8252D2BC-E356-4C95-A068-AC09E5717409}
	EndGlobalSection
EndGlobal
